
Microsoft Visual Studio Solution File, Format Version 12.00
# Visual Studio Version 16
VisualStudioVersion = 25.0.1706.14
MinimumVisualStudioVersion = 10.0.40219.1
Project("{FAE04EC0-301F-11D3-BF4B-00C04F79EFBC}") = "Operators Assignment", "Operators Assignment\Operators Assignment.csproj", "{853A80B9-D051-45DB-8192-6B5263565123}"
EndProject
Global
	GlobalSection(SolutionConfigurationPlatforms) = preSolution
		Debug|Any CPU = Debug|Any CPU
		Release|Any CPU = Release|Any CPU
	EndGlobalSection
	GlobalSection(ProjectConfigurationPlatforms) = postSolution
		{853A80B9-D051-45DB-8192-6B5263565123}.Debug|Any CPU.ActiveCfg = Debug|Any CPU
		{853A80B9-D051-45DB-8192-6B5263565123}.Debug|Any CPU.Build.0 = Debug|Any CPU
		{853A80B9-D051-45DB-8192-6B5263565123}.Release|Any CPU.ActiveCfg = Release|Any CPU
		{853A80B9-D051-45DB-8192-6B5263565123}.Release|Any CPU.Build.0 = Release|Any CPU
	EndGlobalSection
	GlobalSection(SolutionProperties) = preSolution
		HideSolutionNode = FALSE
	EndGlobalSection
	GlobalSection(ExtensibilityGlobals) = postSolution
		SolutionGuid = {51ADFCDD-F896-40A0-9C04-877AA5447CBD}
	EndGlobalSection
EndGlobal
