
Microsoft Visual Studio Solution File, Format Version 12.00
# Visual Studio Version 16
VisualStudioVersion = 25.0.1706.14
MinimumVisualStudioVersion = 10.0.40219.1
Project("{FAE04EC0-301F-11D3-BF4B-00C04F79EFBC}") = "Package Express", "Package Express\Package Express.csproj", "{56952E50-228A-4200-8D91-904DA984C63B}"
EndProject
Global
	GlobalSection(SolutionConfigurationPlatforms) = preSolution
		Debug|Any CPU = Debug|Any CPU
		Release|Any CPU = Release|Any CPU
	EndGlobalSection
	GlobalSection(ProjectConfigurationPlatforms) = postSolution
		{56952E50-228A-4200-8D91-904DA984C63B}.Debug|Any CPU.ActiveCfg = Debug|Any CPU
		{56952E50-228A-4200-8D91-904DA984C63B}.Debug|Any CPU.Build.0 = Debug|Any CPU
		{56952E50-228A-4200-8D91-904DA984C63B}.Release|Any CPU.ActiveCfg = Release|Any CPU
		{56952E50-228A-4200-8D91-904DA984C63B}.Release|Any CPU.Build.0 = Release|Any CPU
	EndGlobalSection
	GlobalSection(SolutionProperties) = preSolution
		HideSolutionNode = FALSE
	EndGlobalSection
	GlobalSection(ExtensibilityGlobals) = postSolution
		SolutionGuid = {424F6C9B-767B-4484-B4F0-FC9F4D7B7487}
	EndGlobalSection
EndGlobal
