
Microsoft Visual Studio Solution File, Format Version 12.00
# Visual Studio Version 16
VisualStudioVersion = 25.0.1706.14
MinimumVisualStudioVersion = 10.0.40219.1
Project("{FAE04EC0-301F-11D3-BF4B-00C04F79EFBC}") = "Polymorphism Assignment", "Polymorphism Assignment\Polymorphism Assignment.csproj", "{A33060AC-49F9-4D85-AB34-56C97243F229}"
EndProject
Global
	GlobalSection(SolutionConfigurationPlatforms) = preSolution
		Debug|Any CPU = Debug|Any CPU
		Release|Any CPU = Release|Any CPU
	EndGlobalSection
	GlobalSection(ProjectConfigurationPlatforms) = postSolution
		{A33060AC-49F9-4D85-AB34-56C97243F229}.Debug|Any CPU.ActiveCfg = Debug|Any CPU
		{A33060AC-49F9-4D85-AB34-56C97243F229}.Debug|Any CPU.Build.0 = Debug|Any CPU
		{A33060AC-49F9-4D85-AB34-56C97243F229}.Release|Any CPU.ActiveCfg = Release|Any CPU
		{A33060AC-49F9-4D85-AB34-56C97243F229}.Release|Any CPU.Build.0 = Release|Any CPU
	EndGlobalSection
	GlobalSection(SolutionProperties) = preSolution
		HideSolutionNode = FALSE
	EndGlobalSection
	GlobalSection(ExtensibilityGlobals) = postSolution
		SolutionGuid = {EC6C6BC1-0BE3-4527-9078-098D4CC8A627}
	EndGlobalSection
EndGlobal
